
Microsoft Visual Studio Solution File, Format Version 12.00
# Visual Studio Version 17
VisualStudioVersion = 17.0.31919.166
MinimumVisualStudioVersion = 10.0.40219.1
Project("{2150E333-8FDC-42A3-9474-1A3956D46DE8}") = "ShopManagement", "ShopManagement", "{2D7EF05C-AAB8-4931-A297-473F478D253F}"
EndProject
Project("{2150E333-8FDC-42A3-9474-1A3956D46DE8}") = "SM.Domain", "SM.Domain", "{7D64D471-700F-4594-AD6B-2B49A244FB26}"
EndProject
Project("{9A19103F-16F7-4668-BE54-9A1E7A4F7556}") = "0_Framework", "0_Framework\0_Framework.csproj", "{9FBC4739-4454-4BF1-8131-C4FDBAFF8366}"
EndProject
Project("{2150E333-8FDC-42A3-9474-1A3956D46DE8}") = "SM.Application", "SM.Application", "{786C76C1-BB33-48F8-98C8-97BD86C210DD}"
EndProject
Project("{2150E333-8FDC-42A3-9474-1A3956D46DE8}") = "SM.Infrastructure", "SM.Infrastructure", "{7FBBA108-CC02-4200-A510-44BFCA11D722}"
EndProject
Project("{9A19103F-16F7-4668-BE54-9A1E7A4F7556}") = "ServiceHost", "ServiceHost\ServiceHost.csproj", "{314B506B-4E43-4A7E-B642-4FF401674123}"
EndProject
Project("{9A19103F-16F7-4668-BE54-9A1E7A4F7556}") = "01_LampshadeQuery", "01_LampshadeQuery\01_LampshadeQuery.csproj", "{636E6BD2-DEDF-4D15-B31A-825D89B1F24B}"
EndProject
Project("{2150E333-8FDC-42A3-9474-1A3956D46DE8}") = "DiscountManagement", "DiscountManagement", "{EE9862A2-9C95-476C-8BF5-EF3C9C03B9BC}"
EndProject
Project("{2150E333-8FDC-42A3-9474-1A3956D46DE8}") = "DM.Domain", "DM.Domain", "{26C87458-0ABA-42A3-97B4-4412A8554EA3}"
EndProject
Project("{2150E333-8FDC-42A3-9474-1A3956D46DE8}") = "DM.Application", "DM.Application", "{C2591846-0D2D-48FB-8443-76596EFE2138}"
EndProject
Project("{2150E333-8FDC-42A3-9474-1A3956D46DE8}") = "DM.Infrastructure", "DM.Infrastructure", "{461D0EF4-9268-41E4-9DB7-2F6C58D65C23}"
EndProject
Project("{2150E333-8FDC-42A3-9474-1A3956D46DE8}") = "InventoryManagement", "InventoryManagement", "{080F3B7F-53CD-4C00-82B9-A96AEBF6BC4A}"
EndProject
Project("{2150E333-8FDC-42A3-9474-1A3956D46DE8}") = "IM.Domain", "IM.Domain", "{59C743B6-5605-46F5-9B4E-3E3356F82F8B}"
EndProject
Project("{2150E333-8FDC-42A3-9474-1A3956D46DE8}") = "IM.Application", "IM.Application", "{07671ECE-5363-4C2A-B279-19FE4F6800AD}"
EndProject
Project("{2150E333-8FDC-42A3-9474-1A3956D46DE8}") = "IM.Infrastructure", "IM.Infrastructure", "{9FC526F1-6750-4FE0-95BB-29898AA7DF7A}"
EndProject
Project("{2150E333-8FDC-42A3-9474-1A3956D46DE8}") = "BlogManagement", "BlogManagement", "{0E6B41AC-CDDE-420A-82E5-BEF42BC60592}"
EndProject
Project("{2150E333-8FDC-42A3-9474-1A3956D46DE8}") = "BM.Domain", "BM.Domain", "{A6FDB906-BD5F-4AFC-8AA2-64AFCD51CDFA}"
EndProject
Project("{2150E333-8FDC-42A3-9474-1A3956D46DE8}") = "BM.Application", "BM.Application", "{AF0BF65C-7A41-47CB-9B24-A3EEF50E9738}"
EndProject
Project("{2150E333-8FDC-42A3-9474-1A3956D46DE8}") = "BM.Infrastructure", "BM.Infrastructure", "{49AA86AF-7DE7-441C-A038-1AE1277D997A}"
EndProject
Project("{2150E333-8FDC-42A3-9474-1A3956D46DE8}") = "CommentManagement", "CommentManagement", "{400BD228-F0E1-4122-AA9E-65A5F066D13F}"
EndProject
Project("{2150E333-8FDC-42A3-9474-1A3956D46DE8}") = "CM.Domain", "CM.Domain", "{A7C83A76-5BF8-4A60-B50E-15ED8B1804EF}"
EndProject
Project("{2150E333-8FDC-42A3-9474-1A3956D46DE8}") = "CM.Application", "CM.Application", "{DF9F0F38-1B7F-4516-8F07-E6018356941B}"
EndProject
Project("{2150E333-8FDC-42A3-9474-1A3956D46DE8}") = "CM.Infrastructure", "CM.Infrastructure", "{74EF0EB6-3495-4F0E-9A20-46C2EDA9E52D}"
EndProject
Project("{2150E333-8FDC-42A3-9474-1A3956D46DE8}") = "AccountManagement", "AccountManagement", "{7DC9DADE-4BD6-473E-A781-7A27CE77573C}"
EndProject
Project("{2150E333-8FDC-42A3-9474-1A3956D46DE8}") = "AM.Domain", "AM.Domain", "{66966DF3-FEB3-4DD9-A370-E5E866707E79}"
EndProject
Project("{2150E333-8FDC-42A3-9474-1A3956D46DE8}") = "AM.Application", "AM.Application", "{EBBF5761-B457-4155-904A-A9EE29CCF715}"
EndProject
Project("{2150E333-8FDC-42A3-9474-1A3956D46DE8}") = "AM.Infrastructure", "AM.Infrastructure", "{12FC8ADB-1BE9-4D0A-B9DD-CCAE19DA12D8}"
EndProject
Project("{2150E333-8FDC-42A3-9474-1A3956D46DE8}") = "SM.Presentation", "SM.Presentation", "{D46036A0-B32F-4BE1-A5F9-57213EE61063}"
EndProject
Project("{2150E333-8FDC-42A3-9474-1A3956D46DE8}") = "IM.Presentation", "IM.Presentation", "{36B1C096-0CAA-49CE-B24D-1E829DB5F6F3}"
EndProject
Project("{2150E333-8FDC-42A3-9474-1A3956D46DE8}") = "BM.Presentation", "BM.Presentation", "{EC1ABEB9-F3DB-4E87-A004-515F09321CD8}"
EndProject
Project("{9A19103F-16F7-4668-BE54-9A1E7A4F7556}") = "BlogManagement.Application", "BlogManagement\BlogManagement.Application\BlogManagement.Application.csproj", "{CA94324F-CB17-407F-A865-5361A2A16F32}"
EndProject
Project("{9A19103F-16F7-4668-BE54-9A1E7A4F7556}") = "BlogManagement.Application.Contracts", "BlogManagement\BlogManagement.Application.Contracts\BlogManagement.Application.Contracts.csproj", "{997EC58C-0C8A-4793-B8FD-35E5A1C25EF4}"
EndProject
Project("{9A19103F-16F7-4668-BE54-9A1E7A4F7556}") = "BlogManagement.Domain", "BlogManagement\BlogManagement.Domain\BlogManagement.Domain.csproj", "{DB37ED44-E57D-432F-9A76-48A6C07D9D17}"
EndProject
Project("{9A19103F-16F7-4668-BE54-9A1E7A4F7556}") = "BlogManagement.Infrastructure.Configuration", "BlogManagement\BlogManagement.Infrastructure.Configuration\BlogManagement.Infrastructure.Configuration.csproj", "{94510F63-CD06-4C97-BDFD-C6A4C8DB080B}"
EndProject
Project("{9A19103F-16F7-4668-BE54-9A1E7A4F7556}") = "BlogManagement.Infrustructure.EFCore", "BlogManagement\BlogManagement.Infrustructure.EFCore\BlogManagement.Infrustructure.EFCore.csproj", "{8A255FD9-F803-4B9A-8F29-3CA235399F30}"
EndProject
Project("{9A19103F-16F7-4668-BE54-9A1E7A4F7556}") = "BlogManagement.Presentation.Api", "BlogManagement\BlogManagement.Presentation.Api\BlogManagement.Presentation.Api.csproj", "{F6A58279-2BD6-41C2-B45A-484358FC44EF}"
EndProject
Project("{9A19103F-16F7-4668-BE54-9A1E7A4F7556}") = "CommentManagement.Application", "CommentManagement\CommentManagement.Application\CommentManagement.Application.csproj", "{6ABB05BF-0575-49EA-8B09-CAFA9CB07422}"
EndProject
Project("{9A19103F-16F7-4668-BE54-9A1E7A4F7556}") = "CommentManagement.Application.Contracts", "CommentManagement\CommentManagement.Application.Contracts\CommentManagement.Application.Contracts.csproj", "{7118C8FE-8864-4FAB-B98B-A2D0D558E288}"
EndProject
Project("{9A19103F-16F7-4668-BE54-9A1E7A4F7556}") = "CommentManagement.Domain", "CommentManagement\CommentManagement.Domain\CommentManagement.Domain.csproj", "{9F13CCE3-B7BC-4F43-97AC-EB903229830B}"
EndProject
Project("{9A19103F-16F7-4668-BE54-9A1E7A4F7556}") = "CommentManagement.Infrastructure.Configuration", "CommentManagement\CommentManagement.Infrastructure.Configuration\CommentManagement.Infrastructure.Configuration.csproj", "{2F688510-B8B5-4B20-B3FF-644CD88AD163}"
EndProject
Project("{9A19103F-16F7-4668-BE54-9A1E7A4F7556}") = "CommentManagement.Infrastructure.EFCore", "CommentManagement\CommentManagement.Infrastructure.EFCore\CommentManagement.Infrastructure.EFCore.csproj", "{1495EF60-87C9-4477-994E-54A0AEAA5570}"
EndProject
Project("{9A19103F-16F7-4668-BE54-9A1E7A4F7556}") = "DiscountManagement.Application", "DiscountManagement\DiscountManagement.Application\DiscountManagement.Application.csproj", "{B31FD3C0-EEEB-4632-B43C-B9EAF703C17D}"
EndProject
Project("{9A19103F-16F7-4668-BE54-9A1E7A4F7556}") = "DiscountManagement.Application.Contract", "DiscountManagement\DiscountManagement.Application.Contract\DiscountManagement.Application.Contract.csproj", "{76500272-A917-4725-8D90-69125057FFEC}"
EndProject
Project("{9A19103F-16F7-4668-BE54-9A1E7A4F7556}") = "DiscountManagement.Domain", "DiscountManagement\DiscountManagement.Domain\DiscountManagement.Domain.csproj", "{02CF33FE-30B3-4C89-964F-E6976939FCF9}"
EndProject
Project("{9A19103F-16F7-4668-BE54-9A1E7A4F7556}") = "DiscountManagement.Configuration", "DiscountManagement\DiscountManagement.Configuration\DiscountManagement.Configuration.csproj", "{F63827A0-1C40-4E51-B35A-A817BB7EFB45}"
EndProject
Project("{9A19103F-16F7-4668-BE54-9A1E7A4F7556}") = "DiscountManagement.Infrastructure.EFCore", "DiscountManagement\DiscountManagement.Infrastructure.EFCore\DiscountManagement.Infrastructure.EFCore.csproj", "{8843AEDE-9536-4C7A-994F-AEFA5603D4DD}"
EndProject
Project("{9A19103F-16F7-4668-BE54-9A1E7A4F7556}") = "InventoryManagement.Application", "InventoryManagement\InventoryManagement.Application\InventoryManagement.Application.csproj", "{9918D959-5989-471F-8C1C-C5EF21C66F35}"
EndProject
Project("{9A19103F-16F7-4668-BE54-9A1E7A4F7556}") = "InventoryManagement.Application.Contract", "InventoryManagement\InventoryManagement.Application.Contract\InventoryManagement.Application.Contract.csproj", "{1EA789E1-E3EF-4043-BC3B-E1D1F40FDE5C}"
EndProject
Project("{9A19103F-16F7-4668-BE54-9A1E7A4F7556}") = "InventoryManagement.Domain", "InventoryManagement\InventoryManagement.Domain\InventoryManagement.Domain.csproj", "{163C7F5E-56A3-4CD1-A05E-23C35E96ED0F}"
EndProject
Project("{9A19103F-16F7-4668-BE54-9A1E7A4F7556}") = "InventoryManagement.Infrastructure.Configuration", "InventoryManagement\InventoryManagement.Infrastructure.Configuration\InventoryManagement.Infrastructure.Configuration.csproj", "{5E676BE6-234D-41AD-A176-B6426D781124}"
EndProject
Project("{9A19103F-16F7-4668-BE54-9A1E7A4F7556}") = "InventoryManagement.Infrastructure.EFCore", "InventoryManagement\InventoryManagement.Infrastructure.EFCore\InventoryManagement.Infrastructure.EFCore.csproj", "{E4D3D5D0-63BA-4A89-9FB3-6420B6D0C0FD}"
EndProject
Project("{9A19103F-16F7-4668-BE54-9A1E7A4F7556}") = "InventoryManagement.Presentation.Api", "InventoryManagement\InventoryManagement.Presentation.Api\InventoryManagement.Presentation.Api.csproj", "{047C9179-C777-434B-982C-34D04FBE4F8F}"
EndProject
Project("{9A19103F-16F7-4668-BE54-9A1E7A4F7556}") = "ShopManagement.Application", "ShopManagements\ShopManagement.Application\ShopManagement.Application.csproj", "{DC25F161-26EC-4471-9AEA-597ED9AD1BF1}"
EndProject
Project("{9A19103F-16F7-4668-BE54-9A1E7A4F7556}") = "ShopManagement.Application.Contracts", "ShopManagements\ShopManagement.Application.Contracts\ShopManagement.Application.Contracts.csproj", "{BF005DAF-A3A3-4CB2-89E1-B19ECC0D658A}"
EndProject
Project("{9A19103F-16F7-4668-BE54-9A1E7A4F7556}") = "ShopManagement.Domain", "ShopManagements\ShopManagement.Domain\ShopManagement.Domain.csproj", "{A9E1A676-DAA9-4B0B-A9B0-8332A7E76370}"
EndProject
Project("{9A19103F-16F7-4668-BE54-9A1E7A4F7556}") = "ShopManagement.Configuration", "ShopManagements\ShopManagement.Configuration\ShopManagement.Configuration.csproj", "{98DFD7CC-14C2-4DA1-A22C-88619B0AB988}"
EndProject
Project("{9A19103F-16F7-4668-BE54-9A1E7A4F7556}") = "ShopManagement.Infrastructure.EFCore", "ShopManagements\ShopManagement.Infrastructure.EFCore\ShopManagement.Infrastructure.EFCore.csproj", "{BF8A4491-317C-44A6-98BD-924A8DBFA86D}"
EndProject
Project("{9A19103F-16F7-4668-BE54-9A1E7A4F7556}") = "ShopManagement.Infrastructure.InventoryAcl", "ShopManagements\ShopManagement.Infrastructure.InventoryAcl\ShopManagement.Infrastructure.InventoryAcl.csproj", "{7CC1CD4E-6032-4A8B-9AAC-BCFD5F54FE85}"
EndProject
Project("{9A19103F-16F7-4668-BE54-9A1E7A4F7556}") = "ShopManagement.Presentation.Api", "ShopManagements\ShopManagement.Presentation.Api\ShopManagement.Presentation.Api.csproj", "{F8AC1D01-B12D-47E6-8D0A-7117F8F42507}"
EndProject
Project("{9A19103F-16F7-4668-BE54-9A1E7A4F7556}") = "AccountManagement.Application", "AccountManagements\AccountManagement.Application\AccountManagement.Application.csproj", "{7F1B37FC-D16C-4768-8ED6-8ACC1CAB2746}"
EndProject
Project("{9A19103F-16F7-4668-BE54-9A1E7A4F7556}") = "AccountManagement.Application.Contracts", "AccountManagements\AccountManagement.Application.Contracts\AccountManagement.Application.Contracts.csproj", "{47F3CBFB-4C8A-4AF9-A55E-B0BEC68486DF}"
EndProject
Project("{9A19103F-16F7-4668-BE54-9A1E7A4F7556}") = "AccountManagement.Domain", "AccountManagements\AccountManagement.Domain\AccountManagement.Domain.csproj", "{FDF748D9-9091-4FA3-BD8C-3E36A07F557D}"
EndProject
Project("{9A19103F-16F7-4668-BE54-9A1E7A4F7556}") = "AccountManagement.Configuration", "AccountManagements\AccountManagement.Configuration\AccountManagement.Configuration.csproj", "{B4DA3322-359D-470F-B5C0-4663CE95A440}"
EndProject
Project("{9A19103F-16F7-4668-BE54-9A1E7A4F7556}") = "AccountManagement.Infrastructure.EFCore", "AccountManagements\AccountManagement.Infrastructure.EFCore\AccountManagement.Infrastructure.EFCore.csproj", "{D8A91A70-F99A-4F6E-9770-6E7860B0A9FB}"
EndProject
Global
	GlobalSection(SolutionConfigurationPlatforms) = preSolution
		Debug|Any CPU = Debug|Any CPU
		Release|Any CPU = Release|Any CPU
	EndGlobalSection
	GlobalSection(ProjectConfigurationPlatforms) = postSolution
		{9FBC4739-4454-4BF1-8131-C4FDBAFF8366}.Debug|Any CPU.ActiveCfg = Debug|Any CPU
		{9FBC4739-4454-4BF1-8131-C4FDBAFF8366}.Debug|Any CPU.Build.0 = Debug|Any CPU
		{9FBC4739-4454-4BF1-8131-C4FDBAFF8366}.Release|Any CPU.ActiveCfg = Release|Any CPU
		{9FBC4739-4454-4BF1-8131-C4FDBAFF8366}.Release|Any CPU.Build.0 = Release|Any CPU
		{314B506B-4E43-4A7E-B642-4FF401674123}.Debug|Any CPU.ActiveCfg = Debug|Any CPU
		{314B506B-4E43-4A7E-B642-4FF401674123}.Debug|Any CPU.Build.0 = Debug|Any CPU
		{314B506B-4E43-4A7E-B642-4FF401674123}.Release|Any CPU.ActiveCfg = Release|Any CPU
		{314B506B-4E43-4A7E-B642-4FF401674123}.Release|Any CPU.Build.0 = Release|Any CPU
		{636E6BD2-DEDF-4D15-B31A-825D89B1F24B}.Debug|Any CPU.ActiveCfg = Debug|Any CPU
		{636E6BD2-DEDF-4D15-B31A-825D89B1F24B}.Debug|Any CPU.Build.0 = Debug|Any CPU
		{636E6BD2-DEDF-4D15-B31A-825D89B1F24B}.Release|Any CPU.ActiveCfg = Release|Any CPU
		{636E6BD2-DEDF-4D15-B31A-825D89B1F24B}.Release|Any CPU.Build.0 = Release|Any CPU
		{CA94324F-CB17-407F-A865-5361A2A16F32}.Debug|Any CPU.ActiveCfg = Debug|Any CPU
		{CA94324F-CB17-407F-A865-5361A2A16F32}.Debug|Any CPU.Build.0 = Debug|Any CPU
		{CA94324F-CB17-407F-A865-5361A2A16F32}.Release|Any CPU.ActiveCfg = Release|Any CPU
		{CA94324F-CB17-407F-A865-5361A2A16F32}.Release|Any CPU.Build.0 = Release|Any CPU
		{997EC58C-0C8A-4793-B8FD-35E5A1C25EF4}.Debug|Any CPU.ActiveCfg = Debug|Any CPU
		{997EC58C-0C8A-4793-B8FD-35E5A1C25EF4}.Debug|Any CPU.Build.0 = Debug|Any CPU
		{997EC58C-0C8A-4793-B8FD-35E5A1C25EF4}.Release|Any CPU.ActiveCfg = Release|Any CPU
		{997EC58C-0C8A-4793-B8FD-35E5A1C25EF4}.Release|Any CPU.Build.0 = Release|Any CPU
		{DB37ED44-E57D-432F-9A76-48A6C07D9D17}.Debug|Any CPU.ActiveCfg = Debug|Any CPU
		{DB37ED44-E57D-432F-9A76-48A6C07D9D17}.Debug|Any CPU.Build.0 = Debug|Any CPU
		{DB37ED44-E57D-432F-9A76-48A6C07D9D17}.Release|Any CPU.ActiveCfg = Release|Any CPU
		{DB37ED44-E57D-432F-9A76-48A6C07D9D17}.Release|Any CPU.Build.0 = Release|Any CPU
		{94510F63-CD06-4C97-BDFD-C6A4C8DB080B}.Debug|Any CPU.ActiveCfg = Debug|Any CPU
		{94510F63-CD06-4C97-BDFD-C6A4C8DB080B}.Debug|Any CPU.Build.0 = Debug|Any CPU
		{94510F63-CD06-4C97-BDFD-C6A4C8DB080B}.Release|Any CPU.ActiveCfg = Release|Any CPU
		{94510F63-CD06-4C97-BDFD-C6A4C8DB080B}.Release|Any CPU.Build.0 = Release|Any CPU
		{8A255FD9-F803-4B9A-8F29-3CA235399F30}.Debug|Any CPU.ActiveCfg = Debug|Any CPU
		{8A255FD9-F803-4B9A-8F29-3CA235399F30}.Debug|Any CPU.Build.0 = Debug|Any CPU
		{8A255FD9-F803-4B9A-8F29-3CA235399F30}.Release|Any CPU.ActiveCfg = Release|Any CPU
		{8A255FD9-F803-4B9A-8F29-3CA235399F30}.Release|Any CPU.Build.0 = Release|Any CPU
		{F6A58279-2BD6-41C2-B45A-484358FC44EF}.Debug|Any CPU.ActiveCfg = Debug|Any CPU
		{F6A58279-2BD6-41C2-B45A-484358FC44EF}.Debug|Any CPU.Build.0 = Debug|Any CPU
		{F6A58279-2BD6-41C2-B45A-484358FC44EF}.Release|Any CPU.ActiveCfg = Release|Any CPU
		{F6A58279-2BD6-41C2-B45A-484358FC44EF}.Release|Any CPU.Build.0 = Release|Any CPU
		{6ABB05BF-0575-49EA-8B09-CAFA9CB07422}.Debug|Any CPU.ActiveCfg = Debug|Any CPU
		{6ABB05BF-0575-49EA-8B09-CAFA9CB07422}.Debug|Any CPU.Build.0 = Debug|Any CPU
		{6ABB05BF-0575-49EA-8B09-CAFA9CB07422}.Release|Any CPU.ActiveCfg = Release|Any CPU
		{6ABB05BF-0575-49EA-8B09-CAFA9CB07422}.Release|Any CPU.Build.0 = Release|Any CPU
		{7118C8FE-8864-4FAB-B98B-A2D0D558E288}.Debug|Any CPU.ActiveCfg = Debug|Any CPU
		{7118C8FE-8864-4FAB-B98B-A2D0D558E288}.Debug|Any CPU.Build.0 = Debug|Any CPU
		{7118C8FE-8864-4FAB-B98B-A2D0D558E288}.Release|Any CPU.ActiveCfg = Release|Any CPU
		{7118C8FE-8864-4FAB-B98B-A2D0D558E288}.Release|Any CPU.Build.0 = Release|Any CPU
		{9F13CCE3-B7BC-4F43-97AC-EB903229830B}.Debug|Any CPU.ActiveCfg = Debug|Any CPU
		{9F13CCE3-B7BC-4F43-97AC-EB903229830B}.Debug|Any CPU.Build.0 = Debug|Any CPU
		{9F13CCE3-B7BC-4F43-97AC-EB903229830B}.Release|Any CPU.ActiveCfg = Release|Any CPU
		{9F13CCE3-B7BC-4F43-97AC-EB903229830B}.Release|Any CPU.Build.0 = Release|Any CPU
		{2F688510-B8B5-4B20-B3FF-644CD88AD163}.Debug|Any CPU.ActiveCfg = Debug|Any CPU
		{2F688510-B8B5-4B20-B3FF-644CD88AD163}.Debug|Any CPU.Build.0 = Debug|Any CPU
		{2F688510-B8B5-4B20-B3FF-644CD88AD163}.Release|Any CPU.ActiveCfg = Release|Any CPU
		{2F688510-B8B5-4B20-B3FF-644CD88AD163}.Release|Any CPU.Build.0 = Release|Any CPU
		{1495EF60-87C9-4477-994E-54A0AEAA5570}.Debug|Any CPU.ActiveCfg = Debug|Any CPU
		{1495EF60-87C9-4477-994E-54A0AEAA5570}.Debug|Any CPU.Build.0 = Debug|Any CPU
		{1495EF60-87C9-4477-994E-54A0AEAA5570}.Release|Any CPU.ActiveCfg = Release|Any CPU
		{1495EF60-87C9-4477-994E-54A0AEAA5570}.Release|Any CPU.Build.0 = Release|Any CPU
		{B31FD3C0-EEEB-4632-B43C-B9EAF703C17D}.Debug|Any CPU.ActiveCfg = Debug|Any CPU
		{B31FD3C0-EEEB-4632-B43C-B9EAF703C17D}.Debug|Any CPU.Build.0 = Debug|Any CPU
		{B31FD3C0-EEEB-4632-B43C-B9EAF703C17D}.Release|Any CPU.ActiveCfg = Release|Any CPU
		{B31FD3C0-EEEB-4632-B43C-B9EAF703C17D}.Release|Any CPU.Build.0 = Release|Any CPU
		{76500272-A917-4725-8D90-69125057FFEC}.Debug|Any CPU.ActiveCfg = Debug|Any CPU
		{76500272-A917-4725-8D90-69125057FFEC}.Debug|Any CPU.Build.0 = Debug|Any CPU
		{76500272-A917-4725-8D90-69125057FFEC}.Release|Any CPU.ActiveCfg = Release|Any CPU
		{76500272-A917-4725-8D90-69125057FFEC}.Release|Any CPU.Build.0 = Release|Any CPU
		{02CF33FE-30B3-4C89-964F-E6976939FCF9}.Debug|Any CPU.ActiveCfg = Debug|Any CPU
		{02CF33FE-30B3-4C89-964F-E6976939FCF9}.Debug|Any CPU.Build.0 = Debug|Any CPU
		{02CF33FE-30B3-4C89-964F-E6976939FCF9}.Release|Any CPU.ActiveCfg = Release|Any CPU
		{02CF33FE-30B3-4C89-964F-E6976939FCF9}.Release|Any CPU.Build.0 = Release|Any CPU
		{F63827A0-1C40-4E51-B35A-A817BB7EFB45}.Debug|Any CPU.ActiveCfg = Debug|Any CPU
		{F63827A0-1C40-4E51-B35A-A817BB7EFB45}.Debug|Any CPU.Build.0 = Debug|Any CPU
		{F63827A0-1C40-4E51-B35A-A817BB7EFB45}.Release|Any CPU.ActiveCfg = Release|Any CPU
		{F63827A0-1C40-4E51-B35A-A817BB7EFB45}.Release|Any CPU.Build.0 = Release|Any CPU
		{8843AEDE-9536-4C7A-994F-AEFA5603D4DD}.Debug|Any CPU.ActiveCfg = Debug|Any CPU
		{8843AEDE-9536-4C7A-994F-AEFA5603D4DD}.Debug|Any CPU.Build.0 = Debug|Any CPU
		{8843AEDE-9536-4C7A-994F-AEFA5603D4DD}.Release|Any CPU.ActiveCfg = Release|Any CPU
		{8843AEDE-9536-4C7A-994F-AEFA5603D4DD}.Release|Any CPU.Build.0 = Release|Any CPU
		{9918D959-5989-471F-8C1C-C5EF21C66F35}.Debug|Any CPU.ActiveCfg = Debug|Any CPU
		{9918D959-5989-471F-8C1C-C5EF21C66F35}.Debug|Any CPU.Build.0 = Debug|Any CPU
		{9918D959-5989-471F-8C1C-C5EF21C66F35}.Release|Any CPU.ActiveCfg = Release|Any CPU
		{9918D959-5989-471F-8C1C-C5EF21C66F35}.Release|Any CPU.Build.0 = Release|Any CPU
		{1EA789E1-E3EF-4043-BC3B-E1D1F40FDE5C}.Debug|Any CPU.ActiveCfg = Debug|Any CPU
		{1EA789E1-E3EF-4043-BC3B-E1D1F40FDE5C}.Debug|Any CPU.Build.0 = Debug|Any CPU
		{1EA789E1-E3EF-4043-BC3B-E1D1F40FDE5C}.Release|Any CPU.ActiveCfg = Release|Any CPU
		{1EA789E1-E3EF-4043-BC3B-E1D1F40FDE5C}.Release|Any CPU.Build.0 = Release|Any CPU
		{163C7F5E-56A3-4CD1-A05E-23C35E96ED0F}.Debug|Any CPU.ActiveCfg = Debug|Any CPU
		{163C7F5E-56A3-4CD1-A05E-23C35E96ED0F}.Debug|Any CPU.Build.0 = Debug|Any CPU
		{163C7F5E-56A3-4CD1-A05E-23C35E96ED0F}.Release|Any CPU.ActiveCfg = Release|Any CPU
		{163C7F5E-56A3-4CD1-A05E-23C35E96ED0F}.Release|Any CPU.Build.0 = Release|Any CPU
		{5E676BE6-234D-41AD-A176-B6426D781124}.Debug|Any CPU.ActiveCfg = Debug|Any CPU
		{5E676BE6-234D-41AD-A176-B6426D781124}.Debug|Any CPU.Build.0 = Debug|Any CPU
		{5E676BE6-234D-41AD-A176-B6426D781124}.Release|Any CPU.ActiveCfg = Release|Any CPU
		{5E676BE6-234D-41AD-A176-B6426D781124}.Release|Any CPU.Build.0 = Release|Any CPU
		{E4D3D5D0-63BA-4A89-9FB3-6420B6D0C0FD}.Debug|Any CPU.ActiveCfg = Debug|Any CPU
		{E4D3D5D0-63BA-4A89-9FB3-6420B6D0C0FD}.Debug|Any CPU.Build.0 = Debug|Any CPU
		{E4D3D5D0-63BA-4A89-9FB3-6420B6D0C0FD}.Release|Any CPU.ActiveCfg = Release|Any CPU
		{E4D3D5D0-63BA-4A89-9FB3-6420B6D0C0FD}.Release|Any CPU.Build.0 = Release|Any CPU
		{047C9179-C777-434B-982C-34D04FBE4F8F}.Debug|Any CPU.ActiveCfg = Debug|Any CPU
		{047C9179-C777-434B-982C-34D04FBE4F8F}.Debug|Any CPU.Build.0 = Debug|Any CPU
		{047C9179-C777-434B-982C-34D04FBE4F8F}.Release|Any CPU.ActiveCfg = Release|Any CPU
		{047C9179-C777-434B-982C-34D04FBE4F8F}.Release|Any CPU.Build.0 = Release|Any CPU
		{DC25F161-26EC-4471-9AEA-597ED9AD1BF1}.Debug|Any CPU.ActiveCfg = Debug|Any CPU
		{DC25F161-26EC-4471-9AEA-597ED9AD1BF1}.Debug|Any CPU.Build.0 = Debug|Any CPU
		{DC25F161-26EC-4471-9AEA-597ED9AD1BF1}.Release|Any CPU.ActiveCfg = Release|Any CPU
		{DC25F161-26EC-4471-9AEA-597ED9AD1BF1}.Release|Any CPU.Build.0 = Release|Any CPU
		{BF005DAF-A3A3-4CB2-89E1-B19ECC0D658A}.Debug|Any CPU.ActiveCfg = Debug|Any CPU
		{BF005DAF-A3A3-4CB2-89E1-B19ECC0D658A}.Debug|Any CPU.Build.0 = Debug|Any CPU
		{BF005DAF-A3A3-4CB2-89E1-B19ECC0D658A}.Release|Any CPU.ActiveCfg = Release|Any CPU
		{BF005DAF-A3A3-4CB2-89E1-B19ECC0D658A}.Release|Any CPU.Build.0 = Release|Any CPU
		{A9E1A676-DAA9-4B0B-A9B0-8332A7E76370}.Debug|Any CPU.ActiveCfg = Debug|Any CPU
		{A9E1A676-DAA9-4B0B-A9B0-8332A7E76370}.Debug|Any CPU.Build.0 = Debug|Any CPU
		{A9E1A676-DAA9-4B0B-A9B0-8332A7E76370}.Release|Any CPU.ActiveCfg = Release|Any CPU
		{A9E1A676-DAA9-4B0B-A9B0-8332A7E76370}.Release|Any CPU.Build.0 = Release|Any CPU
		{98DFD7CC-14C2-4DA1-A22C-88619B0AB988}.Debug|Any CPU.ActiveCfg = Debug|Any CPU
		{98DFD7CC-14C2-4DA1-A22C-88619B0AB988}.Debug|Any CPU.Build.0 = Debug|Any CPU
		{98DFD7CC-14C2-4DA1-A22C-88619B0AB988}.Release|Any CPU.ActiveCfg = Release|Any CPU
		{98DFD7CC-14C2-4DA1-A22C-88619B0AB988}.Release|Any CPU.Build.0 = Release|Any CPU
		{BF8A4491-317C-44A6-98BD-924A8DBFA86D}.Debug|Any CPU.ActiveCfg = Debug|Any CPU
		{BF8A4491-317C-44A6-98BD-924A8DBFA86D}.Debug|Any CPU.Build.0 = Debug|Any CPU
		{BF8A4491-317C-44A6-98BD-924A8DBFA86D}.Release|Any CPU.ActiveCfg = Release|Any CPU
		{BF8A4491-317C-44A6-98BD-924A8DBFA86D}.Release|Any CPU.Build.0 = Release|Any CPU
		{7CC1CD4E-6032-4A8B-9AAC-BCFD5F54FE85}.Debug|Any CPU.ActiveCfg = Debug|Any CPU
		{7CC1CD4E-6032-4A8B-9AAC-BCFD5F54FE85}.Debug|Any CPU.Build.0 = Debug|Any CPU
		{7CC1CD4E-6032-4A8B-9AAC-BCFD5F54FE85}.Release|Any CPU.ActiveCfg = Release|Any CPU
		{7CC1CD4E-6032-4A8B-9AAC-BCFD5F54FE85}.Release|Any CPU.Build.0 = Release|Any CPU
		{F8AC1D01-B12D-47E6-8D0A-7117F8F42507}.Debug|Any CPU.ActiveCfg = Debug|Any CPU
		{F8AC1D01-B12D-47E6-8D0A-7117F8F42507}.Debug|Any CPU.Build.0 = Debug|Any CPU
		{F8AC1D01-B12D-47E6-8D0A-7117F8F42507}.Release|Any CPU.ActiveCfg = Release|Any CPU
		{F8AC1D01-B12D-47E6-8D0A-7117F8F42507}.Release|Any CPU.Build.0 = Release|Any CPU
		{7F1B37FC-D16C-4768-8ED6-8ACC1CAB2746}.Debug|Any CPU.ActiveCfg = Debug|Any CPU
		{7F1B37FC-D16C-4768-8ED6-8ACC1CAB2746}.Debug|Any CPU.Build.0 = Debug|Any CPU
		{7F1B37FC-D16C-4768-8ED6-8ACC1CAB2746}.Release|Any CPU.ActiveCfg = Release|Any CPU
		{7F1B37FC-D16C-4768-8ED6-8ACC1CAB2746}.Release|Any CPU.Build.0 = Release|Any CPU
		{47F3CBFB-4C8A-4AF9-A55E-B0BEC68486DF}.Debug|Any CPU.ActiveCfg = Debug|Any CPU
		{47F3CBFB-4C8A-4AF9-A55E-B0BEC68486DF}.Debug|Any CPU.Build.0 = Debug|Any CPU
		{47F3CBFB-4C8A-4AF9-A55E-B0BEC68486DF}.Release|Any CPU.ActiveCfg = Release|Any CPU
		{47F3CBFB-4C8A-4AF9-A55E-B0BEC68486DF}.Release|Any CPU.Build.0 = Release|Any CPU
		{FDF748D9-9091-4FA3-BD8C-3E36A07F557D}.Debug|Any CPU.ActiveCfg = Debug|Any CPU
		{FDF748D9-9091-4FA3-BD8C-3E36A07F557D}.Debug|Any CPU.Build.0 = Debug|Any CPU
		{FDF748D9-9091-4FA3-BD8C-3E36A07F557D}.Release|Any CPU.ActiveCfg = Release|Any CPU
		{FDF748D9-9091-4FA3-BD8C-3E36A07F557D}.Release|Any CPU.Build.0 = Release|Any CPU
		{B4DA3322-359D-470F-B5C0-4663CE95A440}.Debug|Any CPU.ActiveCfg = Debug|Any CPU
		{B4DA3322-359D-470F-B5C0-4663CE95A440}.Debug|Any CPU.Build.0 = Debug|Any CPU
		{B4DA3322-359D-470F-B5C0-4663CE95A440}.Release|Any CPU.ActiveCfg = Release|Any CPU
		{B4DA3322-359D-470F-B5C0-4663CE95A440}.Release|Any CPU.Build.0 = Release|Any CPU
		{D8A91A70-F99A-4F6E-9770-6E7860B0A9FB}.Debug|Any CPU.ActiveCfg = Debug|Any CPU
		{D8A91A70-F99A-4F6E-9770-6E7860B0A9FB}.Debug|Any CPU.Build.0 = Debug|Any CPU
		{D8A91A70-F99A-4F6E-9770-6E7860B0A9FB}.Release|Any CPU.ActiveCfg = Release|Any CPU
		{D8A91A70-F99A-4F6E-9770-6E7860B0A9FB}.Release|Any CPU.Build.0 = Release|Any CPU
	EndGlobalSection
	GlobalSection(SolutionProperties) = preSolution
		HideSolutionNode = FALSE
	EndGlobalSection
	GlobalSection(NestedProjects) = preSolution
		{7D64D471-700F-4594-AD6B-2B49A244FB26} = {2D7EF05C-AAB8-4931-A297-473F478D253F}
		{786C76C1-BB33-48F8-98C8-97BD86C210DD} = {2D7EF05C-AAB8-4931-A297-473F478D253F}
		{7FBBA108-CC02-4200-A510-44BFCA11D722} = {2D7EF05C-AAB8-4931-A297-473F478D253F}
		{26C87458-0ABA-42A3-97B4-4412A8554EA3} = {EE9862A2-9C95-476C-8BF5-EF3C9C03B9BC}
		{C2591846-0D2D-48FB-8443-76596EFE2138} = {EE9862A2-9C95-476C-8BF5-EF3C9C03B9BC}
		{461D0EF4-9268-41E4-9DB7-2F6C58D65C23} = {EE9862A2-9C95-476C-8BF5-EF3C9C03B9BC}
		{59C743B6-5605-46F5-9B4E-3E3356F82F8B} = {080F3B7F-53CD-4C00-82B9-A96AEBF6BC4A}
		{07671ECE-5363-4C2A-B279-19FE4F6800AD} = {080F3B7F-53CD-4C00-82B9-A96AEBF6BC4A}
		{9FC526F1-6750-4FE0-95BB-29898AA7DF7A} = {080F3B7F-53CD-4C00-82B9-A96AEBF6BC4A}
		{A6FDB906-BD5F-4AFC-8AA2-64AFCD51CDFA} = {0E6B41AC-CDDE-420A-82E5-BEF42BC60592}
		{AF0BF65C-7A41-47CB-9B24-A3EEF50E9738} = {0E6B41AC-CDDE-420A-82E5-BEF42BC60592}
		{49AA86AF-7DE7-441C-A038-1AE1277D997A} = {0E6B41AC-CDDE-420A-82E5-BEF42BC60592}
		{A7C83A76-5BF8-4A60-B50E-15ED8B1804EF} = {400BD228-F0E1-4122-AA9E-65A5F066D13F}
		{DF9F0F38-1B7F-4516-8F07-E6018356941B} = {400BD228-F0E1-4122-AA9E-65A5F066D13F}
		{74EF0EB6-3495-4F0E-9A20-46C2EDA9E52D} = {400BD228-F0E1-4122-AA9E-65A5F066D13F}
		{66966DF3-FEB3-4DD9-A370-E5E866707E79} = {7DC9DADE-4BD6-473E-A781-7A27CE77573C}
		{EBBF5761-B457-4155-904A-A9EE29CCF715} = {7DC9DADE-4BD6-473E-A781-7A27CE77573C}
		{12FC8ADB-1BE9-4D0A-B9DD-CCAE19DA12D8} = {7DC9DADE-4BD6-473E-A781-7A27CE77573C}
		{D46036A0-B32F-4BE1-A5F9-57213EE61063} = {2D7EF05C-AAB8-4931-A297-473F478D253F}
		{36B1C096-0CAA-49CE-B24D-1E829DB5F6F3} = {080F3B7F-53CD-4C00-82B9-A96AEBF6BC4A}
		{EC1ABEB9-F3DB-4E87-A004-515F09321CD8} = {0E6B41AC-CDDE-420A-82E5-BEF42BC60592}
		{CA94324F-CB17-407F-A865-5361A2A16F32} = {AF0BF65C-7A41-47CB-9B24-A3EEF50E9738}
		{997EC58C-0C8A-4793-B8FD-35E5A1C25EF4} = {AF0BF65C-7A41-47CB-9B24-A3EEF50E9738}
		{DB37ED44-E57D-432F-9A76-48A6C07D9D17} = {A6FDB906-BD5F-4AFC-8AA2-64AFCD51CDFA}
		{94510F63-CD06-4C97-BDFD-C6A4C8DB080B} = {49AA86AF-7DE7-441C-A038-1AE1277D997A}
		{8A255FD9-F803-4B9A-8F29-3CA235399F30} = {49AA86AF-7DE7-441C-A038-1AE1277D997A}
		{F6A58279-2BD6-41C2-B45A-484358FC44EF} = {EC1ABEB9-F3DB-4E87-A004-515F09321CD8}
		{6ABB05BF-0575-49EA-8B09-CAFA9CB07422} = {DF9F0F38-1B7F-4516-8F07-E6018356941B}
		{7118C8FE-8864-4FAB-B98B-A2D0D558E288} = {DF9F0F38-1B7F-4516-8F07-E6018356941B}
		{9F13CCE3-B7BC-4F43-97AC-EB903229830B} = {A7C83A76-5BF8-4A60-B50E-15ED8B1804EF}
		{2F688510-B8B5-4B20-B3FF-644CD88AD163} = {74EF0EB6-3495-4F0E-9A20-46C2EDA9E52D}
		{1495EF60-87C9-4477-994E-54A0AEAA5570} = {74EF0EB6-3495-4F0E-9A20-46C2EDA9E52D}
		{B31FD3C0-EEEB-4632-B43C-B9EAF703C17D} = {C2591846-0D2D-48FB-8443-76596EFE2138}
		{76500272-A917-4725-8D90-69125057FFEC} = {C2591846-0D2D-48FB-8443-76596EFE2138}
		{02CF33FE-30B3-4C89-964F-E6976939FCF9} = {26C87458-0ABA-42A3-97B4-4412A8554EA3}
		{F63827A0-1C40-4E51-B35A-A817BB7EFB45} = {461D0EF4-9268-41E4-9DB7-2F6C58D65C23}
		{8843AEDE-9536-4C7A-994F-AEFA5603D4DD} = {461D0EF4-9268-41E4-9DB7-2F6C58D65C23}
		{9918D959-5989-471F-8C1C-C5EF21C66F35} = {07671ECE-5363-4C2A-B279-19FE4F6800AD}
		{1EA789E1-E3EF-4043-BC3B-E1D1F40FDE5C} = {07671ECE-5363-4C2A-B279-19FE4F6800AD}
		{163C7F5E-56A3-4CD1-A05E-23C35E96ED0F} = {59C743B6-5605-46F5-9B4E-3E3356F82F8B}
		{5E676BE6-234D-41AD-A176-B6426D781124} = {9FC526F1-6750-4FE0-95BB-29898AA7DF7A}
		{E4D3D5D0-63BA-4A89-9FB3-6420B6D0C0FD} = {9FC526F1-6750-4FE0-95BB-29898AA7DF7A}
		{047C9179-C777-434B-982C-34D04FBE4F8F} = {36B1C096-0CAA-49CE-B24D-1E829DB5F6F3}
		{DC25F161-26EC-4471-9AEA-597ED9AD1BF1} = {786C76C1-BB33-48F8-98C8-97BD86C210DD}
		{BF005DAF-A3A3-4CB2-89E1-B19ECC0D658A} = {786C76C1-BB33-48F8-98C8-97BD86C210DD}
		{A9E1A676-DAA9-4B0B-A9B0-8332A7E76370} = {7D64D471-700F-4594-AD6B-2B49A244FB26}
		{98DFD7CC-14C2-4DA1-A22C-88619B0AB988} = {7FBBA108-CC02-4200-A510-44BFCA11D722}
		{BF8A4491-317C-44A6-98BD-924A8DBFA86D} = {7FBBA108-CC02-4200-A510-44BFCA11D722}
		{7CC1CD4E-6032-4A8B-9AAC-BCFD5F54FE85} = {7FBBA108-CC02-4200-A510-44BFCA11D722}
		{F8AC1D01-B12D-47E6-8D0A-7117F8F42507} = {D46036A0-B32F-4BE1-A5F9-57213EE61063}
		{7F1B37FC-D16C-4768-8ED6-8ACC1CAB2746} = {EBBF5761-B457-4155-904A-A9EE29CCF715}
		{47F3CBFB-4C8A-4AF9-A55E-B0BEC68486DF} = {EBBF5761-B457-4155-904A-A9EE29CCF715}
		{FDF748D9-9091-4FA3-BD8C-3E36A07F557D} = {66966DF3-FEB3-4DD9-A370-E5E866707E79}
		{B4DA3322-359D-470F-B5C0-4663CE95A440} = {12FC8ADB-1BE9-4D0A-B9DD-CCAE19DA12D8}
		{D8A91A70-F99A-4F6E-9770-6E7860B0A9FB} = {12FC8ADB-1BE9-4D0A-B9DD-CCAE19DA12D8}
	EndGlobalSection
	GlobalSection(ExtensibilityGlobals) = postSolution
		SolutionGuid = {48C2FE77-1148-42E3-9BE9-059FF49E824E}
	EndGlobalSection
EndGlobal
